PODS:
  - JSONViewControllers (0.1.4):
    - SwiftyJSON
  - SwiftyJSON (3.1.4)

DEPENDENCIES:
  - JSONViewControllers (from `..`)

EXTERNAL SOURCES:
  JSONViewControllers:
    :path: ..

SPEC CHECKSUMS:
  JSONViewControllers: 3c6bdffdf5ab75f24b3a5ada357c84dcf5eacc33
  SwiftyJSON: c2842d878f95482ffceec5709abc3d05680c0220

PODFILE CHECKSUM: e33e60f2f3825aeaa6fce05a78a5a7c5eceb0af7

COCOAPODS: 1.2.0.rc.1
